<?xml version="1.0" encoding="utf-8"?>
<Project ToolsVersion="4.0" xmlns="http://schemas.microsoft.com/developer/msbuild/2003">
  <ItemGroup>
    <Filter Include="Mint">
      <UniqueIdentifier>{FD15897C-E94C-8A0D-9239-70107E4F060F}</UniqueIdentifier>
    </Filter>
  </ItemGroup>
  <ItemGroup>
    <ClInclude Include="src\Mint.h" />
    <ClInclude Include="src\Mint\Application.h">
      <Filter>Mint</Filter>
    </ClInclude>
    <ClInclude Include="src\Mint\Core.h">
      <Filter>Mint</Filter>
    </ClInclude>
    <ClInclude Include="src\Mint\EntryPoint.h">
      <Filter>Mint</Filter>
    </ClInclude>
    <ClInclude Include="src\Mint\Log.h">
      <Filter>Mint</Filter>
    </ClInclude>
  </ItemGroup>
</Project>